
Microsoft Visual Studio Solution File, Format Version 12.00
# Visual Studio 15
VisualStudioVersion = 15.0.28307.421
MinimumVisualStudioVersion = 10.0.40219.1
Project("{FAE04EC0-301F-11D3-BF4B-00C04F79EFBC}") = "Assignment 1_ISM_vishal Sonawane", "Assignment 1_ISM_vishal Sonawane\Assignment 1_ISM_vishal Sonawane.csproj", "{1ACDF59C-E9A8-4B9D-B6BA-E800DDE32F53}"
EndProject
Global
	GlobalSection(SolutionConfigurationPlatforms) = preSolution
		Debug|Any CPU = Debug|Any CPU
		Release|Any CPU = Release|Any CPU
	EndGlobalSection
	GlobalSection(ProjectConfigurationPlatforms) = postSolution
		{1ACDF59C-E9A8-4B9D-B6BA-E800DDE32F53}.Debug|Any CPU.ActiveCfg = Debug|Any CPU
		{1ACDF59C-E9A8-4B9D-B6BA-E800DDE32F53}.Debug|Any CPU.Build.0 = Debug|Any CPU
		{1ACDF59C-E9A8-4B9D-B6BA-E800DDE32F53}.Release|Any CPU.ActiveCfg = Release|Any CPU
		{1ACDF59C-E9A8-4B9D-B6BA-E800DDE32F53}.Release|Any CPU.Build.0 = Release|Any CPU
	EndGlobalSection
	GlobalSection(SolutionProperties) = preSolution
		HideSolutionNode = FALSE
	EndGlobalSection
	GlobalSection(ExtensibilityGlobals) = postSolution
		SolutionGuid = {F4C55647-BCDF-4BAD-BC7E-CB8E470F6402}
	EndGlobalSection
EndGlobal
